
Microsoft Visual Studio Solution File, Format Version 12.00
# Visual Studio 2013
Project("{FAE04EC0-301F-11D3-BF4B-00C04F79EFBC}") = "chess.CSharp", "chess.CSharp.csproj", "{0B384BE6-9962-E740-840E-5AB0295D7861}"
EndProject
Project("{FAE04EC0-301F-11D3-BF4B-00C04F79EFBC}") = "chess.CSharp.Editor", "chess.CSharp.Editor.csproj", "{3084CC23-1C20-B10D-648F-C38141FA59B6}"
EndProject
Global
	GlobalSection(SolutionConfigurationPlatforms) = preSolution
		Debug|Any CPU = Debug|Any CPU
		Release|Any CPU = Release|Any CPU
	EndGlobalSection
	GlobalSection(ProjectConfigurationPlatforms) = postSolution
		{0B384BE6-9962-E740-840E-5AB0295D7861}.Debug|Any CPU.ActiveCfg = Debug|Any CPU
		{0B384BE6-9962-E740-840E-5AB0295D7861}.Debug|Any CPU.Build.0 = Debug|Any CPU
		{0B384BE6-9962-E740-840E-5AB0295D7861}.Release|Any CPU.ActiveCfg = Release|Any CPU
		{0B384BE6-9962-E740-840E-5AB0295D7861}.Release|Any CPU.Build.0 = Release|Any CPU
		{3084CC23-1C20-B10D-648F-C38141FA59B6}.Debug|Any CPU.ActiveCfg = Debug|Any CPU
		{3084CC23-1C20-B10D-648F-C38141FA59B6}.Debug|Any CPU.Build.0 = Debug|Any CPU
		{3084CC23-1C20-B10D-648F-C38141FA59B6}.Release|Any CPU.ActiveCfg = Release|Any CPU
		{3084CC23-1C20-B10D-648F-C38141FA59B6}.Release|Any CPU.Build.0 = Release|Any CPU
	EndGlobalSection
	GlobalSection(SolutionProperties) = preSolution
		HideSolutionNode = FALSE
	EndGlobalSection
EndGlobal
